
Microsoft Visual Studio Solution File, Format Version 12.00
# Visual Studio Version 17
VisualStudioVersion = 17.0.32112.339
MinimumVisualStudioVersion = 10.0.40219.1
Project("{9A19103F-16F7-4668-BE54-9A1E7A4F7556}") = "LightMessanger.WEB", "LightMessanger\LightMessanger.WEB.csproj", "{B120FC95-46F2-4B1A-975D-7120EA70260A}"
EndProject
Project("{9A19103F-16F7-4668-BE54-9A1E7A4F7556}") = "LightMessanger.Contracts", "LightMessanger.Contracts\LightMessanger.Contracts.csproj", "{E91C95F2-5DC2-42D7-B9A9-8856F3FBF6A0}"
EndProject
Project("{9A19103F-16F7-4668-BE54-9A1E7A4F7556}") = "LightMessanger.DAL", "LightMessanger.DAL\LightMessanger.DAL.csproj", "{1C0172F0-9134-438D-982E-BB98D2006DE1}"
EndProject
Project("{FAE04EC0-301F-11D3-BF4B-00C04F79EFBC}") = "LightMessanger.BLL", "LightMessanger.BLL\LightMessanger.BLL.csproj", "{A82D9FD6-025D-441A-9D99-06C8E7BEE536}"
EndProject
Global
	GlobalSection(SolutionConfigurationPlatforms) = preSolution
		Debug|Any CPU = Debug|Any CPU
		Release|Any CPU = Release|Any CPU
	EndGlobalSection
	GlobalSection(ProjectConfigurationPlatforms) = postSolution
		{B120FC95-46F2-4B1A-975D-7120EA70260A}.Debug|Any CPU.ActiveCfg = Debug|Any CPU
		{B120FC95-46F2-4B1A-975D-7120EA70260A}.Debug|Any CPU.Build.0 = Debug|Any CPU
		{B120FC95-46F2-4B1A-975D-7120EA70260A}.Release|Any CPU.ActiveCfg = Release|Any CPU
		{B120FC95-46F2-4B1A-975D-7120EA70260A}.Release|Any CPU.Build.0 = Release|Any CPU
		{E91C95F2-5DC2-42D7-B9A9-8856F3FBF6A0}.Debug|Any CPU.ActiveCfg = Debug|Any CPU
		{E91C95F2-5DC2-42D7-B9A9-8856F3FBF6A0}.Debug|Any CPU.Build.0 = Debug|Any CPU
		{E91C95F2-5DC2-42D7-B9A9-8856F3FBF6A0}.Release|Any CPU.ActiveCfg = Release|Any CPU
		{E91C95F2-5DC2-42D7-B9A9-8856F3FBF6A0}.Release|Any CPU.Build.0 = Release|Any CPU
		{1C0172F0-9134-438D-982E-BB98D2006DE1}.Debug|Any CPU.ActiveCfg = Debug|Any CPU
		{1C0172F0-9134-438D-982E-BB98D2006DE1}.Debug|Any CPU.Build.0 = Debug|Any CPU
		{1C0172F0-9134-438D-982E-BB98D2006DE1}.Release|Any CPU.ActiveCfg = Release|Any CPU
		{1C0172F0-9134-438D-982E-BB98D2006DE1}.Release|Any CPU.Build.0 = Release|Any CPU
		{A82D9FD6-025D-441A-9D99-06C8E7BEE536}.Debug|Any CPU.ActiveCfg = Debug|Any CPU
		{A82D9FD6-025D-441A-9D99-06C8E7BEE536}.Debug|Any CPU.Build.0 = Debug|Any CPU
		{A82D9FD6-025D-441A-9D99-06C8E7BEE536}.Release|Any CPU.ActiveCfg = Release|Any CPU
		{A82D9FD6-025D-441A-9D99-06C8E7BEE536}.Release|Any CPU.Build.0 = Release|Any CPU
	EndGlobalSection
	GlobalSection(SolutionProperties) = preSolution
		HideSolutionNode = FALSE
	EndGlobalSection
	GlobalSection(ExtensibilityGlobals) = postSolution
		SolutionGuid = {FA0937DA-4502-42AF-954E-2F251A694849}
	EndGlobalSection
EndGlobal
